
Microsoft Visual Studio Solution File, Format Version 12.00
# Visual Studio Version 17
VisualStudioVersion = 17.1.32210.238
MinimumVisualStudioVersion = 10.0.40219.1
Project("{9A19103F-16F7-4668-BE54-9A1E7A4F7556}") = "Usace.CC.Plugin", "Usace.CC.Plugin\Usace.CC.Plugin.csproj", "{92693522-98C1-458F-823A-5CD12C10FDD3}"
EndProject
Project("{9A19103F-16F7-4668-BE54-9A1E7A4F7556}") = "Usace.CC.Plugin.Test", "Usace.CC.Plugin.Test\Usace.CC.Plugin.Test.csproj", "{1E243E58-1BF1-439A-A620-0302D2105294}"
EndProject
Project("{9A19103F-16F7-4668-BE54-9A1E7A4F7556}") = "CaliforniaNevadaRfc", "samples\CaliforniaNevadaRfc\CaliforniaNevadaRfc.csproj", "{CC4FF764-A806-4CA0-B01B-54B380D7BE0A}"
EndProject
Project("{9A19103F-16F7-4668-BE54-9A1E7A4F7556}") = "RfcEnsembleToDSS", "samples\RfcEnsembleToDSS\RfcEnsembleToDSS.csproj", "{5B13EC26-9B4B-4D42-B3FF-30B31BC44480}"
EndProject
Project("{9A19103F-16F7-4668-BE54-9A1E7A4F7556}") = "dss2csv", "samples\dss2csv\dss2csv.csproj", "{90A1AADB-F88B-4574-8120-1FEE489CC2AB}"
EndProject
Global
	GlobalSection(SolutionConfigurationPlatforms) = preSolution
		Debug|Any CPU = Debug|Any CPU
		Release|Any CPU = Release|Any CPU
	EndGlobalSection
	GlobalSection(ProjectConfigurationPlatforms) = postSolution
		{92693522-98C1-458F-823A-5CD12C10FDD3}.Debug|Any CPU.ActiveCfg = Debug|Any CPU
		{92693522-98C1-458F-823A-5CD12C10FDD3}.Debug|Any CPU.Build.0 = Debug|Any CPU
		{92693522-98C1-458F-823A-5CD12C10FDD3}.Release|Any CPU.ActiveCfg = Release|Any CPU
		{92693522-98C1-458F-823A-5CD12C10FDD3}.Release|Any CPU.Build.0 = Release|Any CPU
		{1E243E58-1BF1-439A-A620-0302D2105294}.Debug|Any CPU.ActiveCfg = Debug|Any CPU
		{1E243E58-1BF1-439A-A620-0302D2105294}.Debug|Any CPU.Build.0 = Debug|Any CPU
		{1E243E58-1BF1-439A-A620-0302D2105294}.Release|Any CPU.ActiveCfg = Release|Any CPU
		{1E243E58-1BF1-439A-A620-0302D2105294}.Release|Any CPU.Build.0 = Release|Any CPU
		{CC4FF764-A806-4CA0-B01B-54B380D7BE0A}.Debug|Any CPU.ActiveCfg = Debug|Any CPU
		{CC4FF764-A806-4CA0-B01B-54B380D7BE0A}.Debug|Any CPU.Build.0 = Debug|Any CPU
		{CC4FF764-A806-4CA0-B01B-54B380D7BE0A}.Release|Any CPU.ActiveCfg = Release|Any CPU
		{CC4FF764-A806-4CA0-B01B-54B380D7BE0A}.Release|Any CPU.Build.0 = Release|Any CPU
		{5B13EC26-9B4B-4D42-B3FF-30B31BC44480}.Debug|Any CPU.ActiveCfg = Debug|Any CPU
		{5B13EC26-9B4B-4D42-B3FF-30B31BC44480}.Debug|Any CPU.Build.0 = Debug|Any CPU
		{5B13EC26-9B4B-4D42-B3FF-30B31BC44480}.Release|Any CPU.ActiveCfg = Release|Any CPU
		{5B13EC26-9B4B-4D42-B3FF-30B31BC44480}.Release|Any CPU.Build.0 = Release|Any CPU
		{90A1AADB-F88B-4574-8120-1FEE489CC2AB}.Debug|Any CPU.ActiveCfg = Debug|Any CPU
		{90A1AADB-F88B-4574-8120-1FEE489CC2AB}.Debug|Any CPU.Build.0 = Debug|Any CPU
		{90A1AADB-F88B-4574-8120-1FEE489CC2AB}.Release|Any CPU.ActiveCfg = Release|Any CPU
		{90A1AADB-F88B-4574-8120-1FEE489CC2AB}.Release|Any CPU.Build.0 = Release|Any CPU
	EndGlobalSection
	GlobalSection(SolutionProperties) = preSolution
		HideSolutionNode = FALSE
	EndGlobalSection
	GlobalSection(ExtensibilityGlobals) = postSolution
		SolutionGuid = {55512D3D-3CD8-48FC-A5BF-D7F2BC28E672}
	EndGlobalSection
EndGlobal
