
Microsoft Visual Studio Solution File, Format Version 12.00
# Visual Studio Version 17
VisualStudioVersion = 17.1.32210.238
MinimumVisualStudioVersion = 10.0.40219.1
Project("{9A19103F-16F7-4668-BE54-9A1E7A4F7556}") = "usace.wat.plugin", "usace.wat.plugin\usace.wat.plugin.csproj", "{92693522-98C1-458F-823A-5CD12C10FDD3}"
EndProject
Global
	GlobalSection(SolutionConfigurationPlatforms) = preSolution
		Debug|Any CPU = Debug|Any CPU
		Release|Any CPU = Release|Any CPU
	EndGlobalSection
	GlobalSection(ProjectConfigurationPlatforms) = postSolution
		{92693522-98C1-458F-823A-5CD12C10FDD3}.Debug|Any CPU.ActiveCfg = Debug|Any CPU
		{92693522-98C1-458F-823A-5CD12C10FDD3}.Debug|Any CPU.Build.0 = Debug|Any CPU
		{92693522-98C1-458F-823A-5CD12C10FDD3}.Release|Any CPU.ActiveCfg = Release|Any CPU
		{92693522-98C1-458F-823A-5CD12C10FDD3}.Release|Any CPU.Build.0 = Release|Any CPU
	EndGlobalSection
	GlobalSection(SolutionProperties) = preSolution
		HideSolutionNode = FALSE
	EndGlobalSection
	GlobalSection(ExtensibilityGlobals) = postSolution
		SolutionGuid = {55512D3D-3CD8-48FC-A5BF-D7F2BC28E672}
	EndGlobalSection
EndGlobal
